
Microsoft Visual Studio Solution File, Format Version 12.00
# Visual Studio Version 17
VisualStudioVersion = 17.0.31903.59
MinimumVisualStudioVersion = 10.0.40219.1
Project("{2150E333-8FDC-42A3-9474-1A3956D46DE8}") = "src", "src", "{02EA681E-C7D8-13C7-8484-4AC65E1B71E8}"
EndProject
Project("{2150E333-8FDC-42A3-9474-1A3956D46DE8}") = "BuildingBlock", "BuildingBlock", "{83B5F7F9-AE6F-4CB5-986E-8AC0ECCA0C19}"
EndProject
Project("{2150E333-8FDC-42A3-9474-1A3956D46DE8}") = "ITC", "ITC", "{26461F21-8BC3-43D4-B3FF-01F0868DD7E4}"
EndProject
Project("{FAE04EC0-301F-11D3-BF4B-00C04F79EFBC}") = "BuildingBlock.Api", "BuildingBlock.Api\BuildingBlock.Api.csproj", "{4428D678-B0CC-434A-A97F-354EDA77C4AA}"
EndProject
Project("{FAE04EC0-301F-11D3-BF4B-00C04F79EFBC}") = "BuildingBlock.Domain", "BuildingBlock.Domain\BuildingBlock.Domain.csproj", "{05A9C18A-40AD-4942-A250-08CE1C3FB355}"
EndProject
Project("{FAE04EC0-301F-11D3-BF4B-00C04F79EFBC}") = "BuildingBlock.Infrastracture", "BuildingBlock.Infrastracture\BuildingBlock.Infrastracture.csproj", "{7040BB7B-CD67-45A3-B919-4ED087251A6B}"
EndProject
Project("{FAE04EC0-301F-11D3-BF4B-00C04F79EFBC}") = "BuildingBlock.Application", "BuildingBlock.Application\BuildingBlock.Application.csproj", "{640343F9-9DBF-46AD-BF57-5B953C218AF9}"
EndProject
Project("{FAE04EC0-301F-11D3-BF4B-00C04F79EFBC}") = "ITC.Domain", "ITC.Domain\ITC.Domain.csproj", "{1BF77420-DEC9-4266-943E-86846E4B086E}"
EndProject
Project("{FAE04EC0-301F-11D3-BF4B-00C04F79EFBC}") = "ITC.Infrastracture", "ITC.Infrastracture\ITC.Infrastracture.csproj", "{ED7E9ACF-CDDC-4173-BA37-A27AA4D79859}"
EndProject
Project("{FAE04EC0-301F-11D3-BF4B-00C04F79EFBC}") = "ITC.Application", "ITC.Application\ITC.Application.csproj", "{10D46DE1-331C-4E11-AF76-EC3641EEB36C}"
EndProject
Project("{FAE04EC0-301F-11D3-BF4B-00C04F79EFBC}") = "ITC.Api", "ITC.Api\ITC.Api.csproj", "{80E4E72B-4102-43F6-B512-5176E860A2D0}"
EndProject
Project("{2150E333-8FDC-42A3-9474-1A3956D46DE8}") = "NPark", "NPark", "{5CF81055-5BB2-4925-8AC1-ABD216D51EF7}"
EndProject
Project("{FAE04EC0-301F-11D3-BF4B-00C04F79EFBC}") = "NPark.Api", "NPark.Api\NPark.Api.csproj", "{733A4E44-14B4-4400-8CAC-77328E31FEE1}"
EndProject
Project("{FAE04EC0-301F-11D3-BF4B-00C04F79EFBC}") = "NPark.Infrastructure", "NPark.Infrastructure\NPark.Infrastructure.csproj", "{76E7D560-223F-4897-8B3D-A223F2F76035}"
EndProject
Project("{FAE04EC0-301F-11D3-BF4B-00C04F79EFBC}") = "NPark.Domain", "NPark.Domain\NPark.Domain.csproj", "{0C857CEB-84A2-4444-9965-34192FF5CDAD}"
EndProject
Project("{FAE04EC0-301F-11D3-BF4B-00C04F79EFBC}") = "NPark.Application", "NPark.Application\NPark.Application.csproj", "{356119B7-D3C9-4100-8828-52683C90ECDC}"
EndProject
Project("{2150E333-8FDC-42A3-9474-1A3956D46DE8}") = "TrafficLicensing", "TrafficLicensing", "{D150680F-F721-4280-83F5-77CB2AE1BFFF}"
EndProject
Project("{FAE04EC0-301F-11D3-BF4B-00C04F79EFBC}") = "TrafficLicensing.Domain", "TrafficLicensing.Domain\TrafficLicensing.Domain.csproj", "{03C1F94E-8C21-4987-9C82-436E02B2771C}"
EndProject
Project("{FAE04EC0-301F-11D3-BF4B-00C04F79EFBC}") = "TrafficLicensing.Infrastructure", "TrafficLicensing.Infrastructure\TrafficLicensing.Infrastructure.csproj", "{8BA9A0A5-C4CE-4798-B1CC-48B4E881F9D9}"
EndProject
Project("{FAE04EC0-301F-11D3-BF4B-00C04F79EFBC}") = "TrafficLicensing.Application", "TrafficLicensing.Application\TrafficLicensing.Application.csproj", "{B527F6EA-5A20-4BF6-986D-279B524A9AE0}"
EndProject
Project("{FAE04EC0-301F-11D3-BF4B-00C04F79EFBC}") = "TrafficLicensing.Api", "TrafficLicensing.Api\TrafficLicensing.Api.csproj", "{6FEBB9ED-8B40-48EE-9098-F261FB6CF866}"
EndProject
Project("{2150E333-8FDC-42A3-9474-1A3956D46DE8}") = "CRM", "CRM", "{A8BC8EA6-2B1D-494F-A212-76E98CD35198}"
EndProject
Project("{FAE04EC0-301F-11D3-BF4B-00C04F79EFBC}") = "CRM.Api", "CRM.Api\CRM.Api.csproj", "{E90909C1-0B79-406B-ADBE-0914244BF6DE}"
EndProject
Project("{FAE04EC0-301F-11D3-BF4B-00C04F79EFBC}") = "CRM.Domain", "CRM.Domain\CRM.Domain.csproj", "{BB9B1DBF-61F7-4756-B011-C5AAF8CFF7FF}"
EndProject
Project("{FAE04EC0-301F-11D3-BF4B-00C04F79EFBC}") = "CRM.Infrastructure", "CRM.Infrastructure\CRM.Infrastructure.csproj", "{16F98E49-2179-436C-B256-05F4B558CE4F}"
EndProject
Project("{FAE04EC0-301F-11D3-BF4B-00C04F79EFBC}") = "CRM.Application", "CRM.Application\CRM.Application.csproj", "{50439FC7-B3A4-455A-8257-FC711C5F1079}"
EndProject
Global
	GlobalSection(SolutionConfigurationPlatforms) = preSolution
		Debug|Any CPU = Debug|Any CPU
		Release|Any CPU = Release|Any CPU
	EndGlobalSection
	GlobalSection(ProjectConfigurationPlatforms) = postSolution
		{4428D678-B0CC-434A-A97F-354EDA77C4AA}.Debug|Any CPU.ActiveCfg = Debug|Any CPU
		{4428D678-B0CC-434A-A97F-354EDA77C4AA}.Debug|Any CPU.Build.0 = Debug|Any CPU
		{4428D678-B0CC-434A-A97F-354EDA77C4AA}.Release|Any CPU.ActiveCfg = Release|Any CPU
		{4428D678-B0CC-434A-A97F-354EDA77C4AA}.Release|Any CPU.Build.0 = Release|Any CPU
		{05A9C18A-40AD-4942-A250-08CE1C3FB355}.Debug|Any CPU.ActiveCfg = Debug|Any CPU
		{05A9C18A-40AD-4942-A250-08CE1C3FB355}.Debug|Any CPU.Build.0 = Debug|Any CPU
		{05A9C18A-40AD-4942-A250-08CE1C3FB355}.Release|Any CPU.ActiveCfg = Release|Any CPU
		{05A9C18A-40AD-4942-A250-08CE1C3FB355}.Release|Any CPU.Build.0 = Release|Any CPU
		{7040BB7B-CD67-45A3-B919-4ED087251A6B}.Debug|Any CPU.ActiveCfg = Debug|Any CPU
		{7040BB7B-CD67-45A3-B919-4ED087251A6B}.Debug|Any CPU.Build.0 = Debug|Any CPU
		{7040BB7B-CD67-45A3-B919-4ED087251A6B}.Release|Any CPU.ActiveCfg = Release|Any CPU
		{7040BB7B-CD67-45A3-B919-4ED087251A6B}.Release|Any CPU.Build.0 = Release|Any CPU
		{640343F9-9DBF-46AD-BF57-5B953C218AF9}.Debug|Any CPU.ActiveCfg = Debug|Any CPU
		{640343F9-9DBF-46AD-BF57-5B953C218AF9}.Debug|Any CPU.Build.0 = Debug|Any CPU
		{640343F9-9DBF-46AD-BF57-5B953C218AF9}.Release|Any CPU.ActiveCfg = Release|Any CPU
		{640343F9-9DBF-46AD-BF57-5B953C218AF9}.Release|Any CPU.Build.0 = Release|Any CPU
		{1BF77420-DEC9-4266-943E-86846E4B086E}.Debug|Any CPU.ActiveCfg = Debug|Any CPU
		{1BF77420-DEC9-4266-943E-86846E4B086E}.Debug|Any CPU.Build.0 = Debug|Any CPU
		{1BF77420-DEC9-4266-943E-86846E4B086E}.Release|Any CPU.ActiveCfg = Release|Any CPU
		{1BF77420-DEC9-4266-943E-86846E4B086E}.Release|Any CPU.Build.0 = Release|Any CPU
		{ED7E9ACF-CDDC-4173-BA37-A27AA4D79859}.Debug|Any CPU.ActiveCfg = Debug|Any CPU
		{ED7E9ACF-CDDC-4173-BA37-A27AA4D79859}.Debug|Any CPU.Build.0 = Debug|Any CPU
		{ED7E9ACF-CDDC-4173-BA37-A27AA4D79859}.Release|Any CPU.ActiveCfg = Release|Any CPU
		{ED7E9ACF-CDDC-4173-BA37-A27AA4D79859}.Release|Any CPU.Build.0 = Release|Any CPU
		{10D46DE1-331C-4E11-AF76-EC3641EEB36C}.Debug|Any CPU.ActiveCfg = Debug|Any CPU
		{10D46DE1-331C-4E11-AF76-EC3641EEB36C}.Debug|Any CPU.Build.0 = Debug|Any CPU
		{10D46DE1-331C-4E11-AF76-EC3641EEB36C}.Release|Any CPU.ActiveCfg = Release|Any CPU
		{10D46DE1-331C-4E11-AF76-EC3641EEB36C}.Release|Any CPU.Build.0 = Release|Any CPU
		{80E4E72B-4102-43F6-B512-5176E860A2D0}.Debug|Any CPU.ActiveCfg = Debug|Any CPU
		{80E4E72B-4102-43F6-B512-5176E860A2D0}.Debug|Any CPU.Build.0 = Debug|Any CPU
		{80E4E72B-4102-43F6-B512-5176E860A2D0}.Release|Any CPU.ActiveCfg = Release|Any CPU
		{80E4E72B-4102-43F6-B512-5176E860A2D0}.Release|Any CPU.Build.0 = Release|Any CPU
		{733A4E44-14B4-4400-8CAC-77328E31FEE1}.Debug|Any CPU.ActiveCfg = Debug|Any CPU
		{733A4E44-14B4-4400-8CAC-77328E31FEE1}.Debug|Any CPU.Build.0 = Debug|Any CPU
		{733A4E44-14B4-4400-8CAC-77328E31FEE1}.Release|Any CPU.ActiveCfg = Release|Any CPU
		{733A4E44-14B4-4400-8CAC-77328E31FEE1}.Release|Any CPU.Build.0 = Release|Any CPU
		{76E7D560-223F-4897-8B3D-A223F2F76035}.Debug|Any CPU.ActiveCfg = Debug|Any CPU
		{76E7D560-223F-4897-8B3D-A223F2F76035}.Debug|Any CPU.Build.0 = Debug|Any CPU
		{76E7D560-223F-4897-8B3D-A223F2F76035}.Release|Any CPU.ActiveCfg = Release|Any CPU
		{76E7D560-223F-4897-8B3D-A223F2F76035}.Release|Any CPU.Build.0 = Release|Any CPU
		{0C857CEB-84A2-4444-9965-34192FF5CDAD}.Debug|Any CPU.ActiveCfg = Debug|Any CPU
		{0C857CEB-84A2-4444-9965-34192FF5CDAD}.Debug|Any CPU.Build.0 = Debug|Any CPU
		{0C857CEB-84A2-4444-9965-34192FF5CDAD}.Release|Any CPU.ActiveCfg = Release|Any CPU
		{0C857CEB-84A2-4444-9965-34192FF5CDAD}.Release|Any CPU.Build.0 = Release|Any CPU
		{356119B7-D3C9-4100-8828-52683C90ECDC}.Debug|Any CPU.ActiveCfg = Debug|Any CPU
		{356119B7-D3C9-4100-8828-52683C90ECDC}.Debug|Any CPU.Build.0 = Debug|Any CPU
		{356119B7-D3C9-4100-8828-52683C90ECDC}.Release|Any CPU.ActiveCfg = Release|Any CPU
		{356119B7-D3C9-4100-8828-52683C90ECDC}.Release|Any CPU.Build.0 = Release|Any CPU
		{03C1F94E-8C21-4987-9C82-436E02B2771C}.Debug|Any CPU.ActiveCfg = Debug|Any CPU
		{03C1F94E-8C21-4987-9C82-436E02B2771C}.Debug|Any CPU.Build.0 = Debug|Any CPU
		{03C1F94E-8C21-4987-9C82-436E02B2771C}.Release|Any CPU.ActiveCfg = Release|Any CPU
		{03C1F94E-8C21-4987-9C82-436E02B2771C}.Release|Any CPU.Build.0 = Release|Any CPU
		{8BA9A0A5-C4CE-4798-B1CC-48B4E881F9D9}.Debug|Any CPU.ActiveCfg = Debug|Any CPU
		{8BA9A0A5-C4CE-4798-B1CC-48B4E881F9D9}.Debug|Any CPU.Build.0 = Debug|Any CPU
		{8BA9A0A5-C4CE-4798-B1CC-48B4E881F9D9}.Release|Any CPU.ActiveCfg = Release|Any CPU
		{8BA9A0A5-C4CE-4798-B1CC-48B4E881F9D9}.Release|Any CPU.Build.0 = Release|Any CPU
		{B527F6EA-5A20-4BF6-986D-279B524A9AE0}.Debug|Any CPU.ActiveCfg = Debug|Any CPU
		{B527F6EA-5A20-4BF6-986D-279B524A9AE0}.Debug|Any CPU.Build.0 = Debug|Any CPU
		{B527F6EA-5A20-4BF6-986D-279B524A9AE0}.Release|Any CPU.ActiveCfg = Release|Any CPU
		{B527F6EA-5A20-4BF6-986D-279B524A9AE0}.Release|Any CPU.Build.0 = Release|Any CPU
		{6FEBB9ED-8B40-48EE-9098-F261FB6CF866}.Debug|Any CPU.ActiveCfg = Debug|Any CPU
		{6FEBB9ED-8B40-48EE-9098-F261FB6CF866}.Debug|Any CPU.Build.0 = Debug|Any CPU
		{6FEBB9ED-8B40-48EE-9098-F261FB6CF866}.Release|Any CPU.ActiveCfg = Release|Any CPU
		{6FEBB9ED-8B40-48EE-9098-F261FB6CF866}.Release|Any CPU.Build.0 = Release|Any CPU
		{E90909C1-0B79-406B-ADBE-0914244BF6DE}.Debug|Any CPU.ActiveCfg = Debug|Any CPU
		{E90909C1-0B79-406B-ADBE-0914244BF6DE}.Debug|Any CPU.Build.0 = Debug|Any CPU
		{E90909C1-0B79-406B-ADBE-0914244BF6DE}.Release|Any CPU.ActiveCfg = Release|Any CPU
		{E90909C1-0B79-406B-ADBE-0914244BF6DE}.Release|Any CPU.Build.0 = Release|Any CPU
		{BB9B1DBF-61F7-4756-B011-C5AAF8CFF7FF}.Debug|Any CPU.ActiveCfg = Debug|Any CPU
		{BB9B1DBF-61F7-4756-B011-C5AAF8CFF7FF}.Debug|Any CPU.Build.0 = Debug|Any CPU
		{BB9B1DBF-61F7-4756-B011-C5AAF8CFF7FF}.Release|Any CPU.ActiveCfg = Release|Any CPU
		{BB9B1DBF-61F7-4756-B011-C5AAF8CFF7FF}.Release|Any CPU.Build.0 = Release|Any CPU
		{16F98E49-2179-436C-B256-05F4B558CE4F}.Debug|Any CPU.ActiveCfg = Debug|Any CPU
		{16F98E49-2179-436C-B256-05F4B558CE4F}.Debug|Any CPU.Build.0 = Debug|Any CPU
		{16F98E49-2179-436C-B256-05F4B558CE4F}.Release|Any CPU.ActiveCfg = Release|Any CPU
		{16F98E49-2179-436C-B256-05F4B558CE4F}.Release|Any CPU.Build.0 = Release|Any CPU
		{50439FC7-B3A4-455A-8257-FC711C5F1079}.Debug|Any CPU.ActiveCfg = Debug|Any CPU
		{50439FC7-B3A4-455A-8257-FC711C5F1079}.Debug|Any CPU.Build.0 = Debug|Any CPU
		{50439FC7-B3A4-455A-8257-FC711C5F1079}.Release|Any CPU.ActiveCfg = Release|Any CPU
		{50439FC7-B3A4-455A-8257-FC711C5F1079}.Release|Any CPU.Build.0 = Release|Any CPU
	EndGlobalSection
	GlobalSection(SolutionProperties) = preSolution
		HideSolutionNode = FALSE
	EndGlobalSection
	GlobalSection(NestedProjects) = preSolution
		{83B5F7F9-AE6F-4CB5-986E-8AC0ECCA0C19} = {02EA681E-C7D8-13C7-8484-4AC65E1B71E8}
		{26461F21-8BC3-43D4-B3FF-01F0868DD7E4} = {02EA681E-C7D8-13C7-8484-4AC65E1B71E8}
		{4428D678-B0CC-434A-A97F-354EDA77C4AA} = {83B5F7F9-AE6F-4CB5-986E-8AC0ECCA0C19}
		{05A9C18A-40AD-4942-A250-08CE1C3FB355} = {83B5F7F9-AE6F-4CB5-986E-8AC0ECCA0C19}
		{7040BB7B-CD67-45A3-B919-4ED087251A6B} = {83B5F7F9-AE6F-4CB5-986E-8AC0ECCA0C19}
		{640343F9-9DBF-46AD-BF57-5B953C218AF9} = {83B5F7F9-AE6F-4CB5-986E-8AC0ECCA0C19}
		{1BF77420-DEC9-4266-943E-86846E4B086E} = {26461F21-8BC3-43D4-B3FF-01F0868DD7E4}
		{ED7E9ACF-CDDC-4173-BA37-A27AA4D79859} = {26461F21-8BC3-43D4-B3FF-01F0868DD7E4}
		{10D46DE1-331C-4E11-AF76-EC3641EEB36C} = {26461F21-8BC3-43D4-B3FF-01F0868DD7E4}
		{80E4E72B-4102-43F6-B512-5176E860A2D0} = {26461F21-8BC3-43D4-B3FF-01F0868DD7E4}
		{5CF81055-5BB2-4925-8AC1-ABD216D51EF7} = {02EA681E-C7D8-13C7-8484-4AC65E1B71E8}
		{733A4E44-14B4-4400-8CAC-77328E31FEE1} = {5CF81055-5BB2-4925-8AC1-ABD216D51EF7}
		{76E7D560-223F-4897-8B3D-A223F2F76035} = {5CF81055-5BB2-4925-8AC1-ABD216D51EF7}
		{0C857CEB-84A2-4444-9965-34192FF5CDAD} = {5CF81055-5BB2-4925-8AC1-ABD216D51EF7}
		{356119B7-D3C9-4100-8828-52683C90ECDC} = {5CF81055-5BB2-4925-8AC1-ABD216D51EF7}
		{D150680F-F721-4280-83F5-77CB2AE1BFFF} = {02EA681E-C7D8-13C7-8484-4AC65E1B71E8}
		{03C1F94E-8C21-4987-9C82-436E02B2771C} = {D150680F-F721-4280-83F5-77CB2AE1BFFF}
		{8BA9A0A5-C4CE-4798-B1CC-48B4E881F9D9} = {D150680F-F721-4280-83F5-77CB2AE1BFFF}
		{B527F6EA-5A20-4BF6-986D-279B524A9AE0} = {D150680F-F721-4280-83F5-77CB2AE1BFFF}
		{6FEBB9ED-8B40-48EE-9098-F261FB6CF866} = {D150680F-F721-4280-83F5-77CB2AE1BFFF}
		{A8BC8EA6-2B1D-494F-A212-76E98CD35198} = {02EA681E-C7D8-13C7-8484-4AC65E1B71E8}
		{E90909C1-0B79-406B-ADBE-0914244BF6DE} = {A8BC8EA6-2B1D-494F-A212-76E98CD35198}
		{BB9B1DBF-61F7-4756-B011-C5AAF8CFF7FF} = {A8BC8EA6-2B1D-494F-A212-76E98CD35198}
		{16F98E49-2179-436C-B256-05F4B558CE4F} = {A8BC8EA6-2B1D-494F-A212-76E98CD35198}
		{50439FC7-B3A4-455A-8257-FC711C5F1079} = {A8BC8EA6-2B1D-494F-A212-76E98CD35198}
	EndGlobalSection
	GlobalSection(ExtensibilityGlobals) = postSolution
		SolutionGuid = {FE3B6006-30D4-434C-93DE-E6CFBDB5EDEC}
	EndGlobalSection
EndGlobal
